
Microsoft Visual Studio Solution File, Format Version 12.00
# Visual Studio Version 17
VisualStudioVersion = 17.8.34330.188
MinimumVisualStudioVersion = 10.0.40219.1
Project("{FAE04EC0-301F-11D3-BF4B-00C04F79EFBC}") = "Inheritance", "Inheritance\Inheritance.csproj", "{A0651D01-50FF-49C1-A6F6-D04E1031935B}"
EndProject
Global
	GlobalSection(SolutionConfigurationPlatforms) = preSolution
		Debug|Any CPU = Debug|Any CPU
		Release|Any CPU = Release|Any CPU
	EndGlobalSection
	GlobalSection(ProjectConfigurationPlatforms) = postSolution
		{A0651D01-50FF-49C1-A6F6-D04E1031935B}.Debug|Any CPU.ActiveCfg = Debug|Any CPU
		{A0651D01-50FF-49C1-A6F6-D04E1031935B}.Debug|Any CPU.Build.0 = Debug|Any CPU
		{A0651D01-50FF-49C1-A6F6-D04E1031935B}.Release|Any CPU.ActiveCfg = Release|Any CPU
		{A0651D01-50FF-49C1-A6F6-D04E1031935B}.Release|Any CPU.Build.0 = Release|Any CPU
	EndGlobalSection
	GlobalSection(SolutionProperties) = preSolution
		HideSolutionNode = FALSE
	EndGlobalSection
	GlobalSection(ExtensibilityGlobals) = postSolution
		SolutionGuid = {19515A61-C007-4115-AE03-EE5E78FCE0B3}
	EndGlobalSection
EndGlobal
